// !$*UTF8*$!
{
	archiveVersion = 1;
	classes = {
	};
	objectVersion = 51;
	objects = {

/* Begin PBXBuildFile section */
		2009CC2D27058EF500C22D72 /* TTSUtility.swift in Sources */ = {isa = PBXBuildFile; fileRef = 2009CC2C27058EF500C22D72 /* TTSUtility.swift */; };
		200EC95D26E11FCC00186F28 /* InputTextField.swift in Sources */ = {isa = PBXBuildFile; fileRef = 200EC95C26E11FCC00186F28 /* InputTextField.swift */; };
		200EC96026E1253700186F28 /* ShadowingButton.swift in Sources */ = {isa = PBXBuildFile; fileRef = 200EC95F26E1253700186F28 /* ShadowingButton.swift */; };
		200EC96426E13E3A00186F28 /* ConnectRefrigeratorViewController.swift in Sources */ = {isa = PBXBuildFile; fileRef = 200EC96326E13E3A00186F28 /* ConnectRefrigeratorViewController.swift */; };
		2047DDAB26D3EF9A00326003 /* Initial.storyboard in Resources */ = {isa = PBXBuildFile; fileRef = 2047DDAA26D3EF9A00326003 /* Initial.storyboard */; };
		2047DDC326D3FF3100326003 /* LoginViewModel.swift in Sources */ = {isa = PBXBuildFile; fileRef = 2047DDC226D3FF3100326003 /* LoginViewModel.swift */; };
		2047DDC626D4193200326003 /* CommonString.swift in Sources */ = {isa = PBXBuildFile; fileRef = 2047DDC526D4193200326003 /* CommonString.swift */; };
		2047DDCD26D4D52D00326003 /* UserInfo.swift in Sources */ = {isa = PBXBuildFile; fileRef = 2047DDCC26D4D52D00326003 /* UserInfo.swift */; };
		2047DDD026D4D60900326003 /* Shelf.swift in Sources */ = {isa = PBXBuildFile; fileRef = 2047DDCF26D4D60900326003 /* Shelf.swift */; };
		2047DDD326D4D60F00326003 /* Food.swift in Sources */ = {isa = PBXBuildFile; fileRef = 2047DDD226D4D60F00326003 /* Food.swift */; };
		2047DDD626D4D8EC00326003 /* AlamofireManager.swift in Sources */ = {isa = PBXBuildFile; fileRef = 2047DDD526D4D8EC00326003 /* AlamofireManager.swift */; };
		2047DDDB26D4D9B700326003 /* BaseInterceptor.swift in Sources */ = {isa = PBXBuildFile; fileRef = 2047DDDA26D4D9B700326003 /* BaseInterceptor.swift */; };
		2047DDE226D4DC8600326003 /* UserInfoRouter.swift in Sources */ = {isa = PBXBuildFile; fileRef = 2047DDE126D4DC8600326003 /* UserInfoRouter.swift */; };
		2047DDE626D4E06E00326003 /* EventLogger.swift in Sources */ = {isa = PBXBuildFile; fileRef = 2047DDE526D4E06E00326003 /* EventLogger.swift */; };
		2047DDF626D5363B00326003 /* RegisterViewModel.swift in Sources */ = {isa = PBXBuildFile; fileRef = 2047DDF526D5363B00326003 /* RegisterViewModel.swift */; };
		2047DE1926DE0FDD00326003 /* UIFont+Service.swift in Sources */ = {isa = PBXBuildFile; fileRef = 2047DE1826DE0FDD00326003 /* UIFont+Service.swift */; };
		2047DE1C26DE0FE500326003 /* UIColor+Service.swift in Sources */ = {isa = PBXBuildFile; fileRef = 2047DE1B26DE0FE500326003 /* UIColor+Service.swift */; };
		2047DE2726DE122F00326003 /* NotoSansCJKkr-Bold.otf in Resources */ = {isa = PBXBuildFile; fileRef = 2047DE2626DE122F00326003 /* NotoSansCJKkr-Bold.otf */; };
		2047DE2F26DE12D500326003 /* NotoSansCJKkr-Regular.otf in Resources */ = {isa = PBXBuildFile; fileRef = 2047DE2D26DE12D400326003 /* NotoSansCJKkr-Regular.otf */; };
		2047DE3026DE12D500326003 /* NotoSansCJKkr-Medium.otf in Resources */ = {isa = PBXBuildFile; fileRef = 2047DE2E26DE12D400326003 /* NotoSansCJKkr-Medium.otf */; };
		2047DE3426DE144C00326003 /* NanumSquareOTF-ExtraBold.otf in Resources */ = {isa = PBXBuildFile; fileRef = 2047DE3326DE144C00326003 /* NanumSquareOTF-ExtraBold.otf */; };
		2062432326CD2CFF00A9018A /* AppDelegate.swift in Sources */ = {isa = PBXBuildFile; fileRef = 2062432226CD2CFF00A9018A /* AppDelegate.swift */; };
		2062432526CD2CFF00A9018A /* SceneDelegate.swift in Sources */ = {isa = PBXBuildFile; fileRef = 2062432426CD2CFF00A9018A /* SceneDelegate.swift */; };
		2062432726CD2CFF00A9018A /* InitialViewController.swift in Sources */ = {isa = PBXBuildFile; fileRef = 2062432626CD2CFF00A9018A /* InitialViewController.swift */; };
		2062432C26CD2D0000A9018A /* Assets.xcassets in Resources */ = {isa = PBXBuildFile; fileRef = 2062432B26CD2D0000A9018A /* Assets.xcassets */; };
		2062432F26CD2D0000A9018A /* LaunchScreen.storyboard in Resources */ = {isa = PBXBuildFile; fileRef = 2062432D26CD2D0000A9018A /* LaunchScreen.storyboard */; };
		2062433C26CD2DEA00A9018A /* LoginViewController.swift in Sources */ = {isa = PBXBuildFile; fileRef = 2062433B26CD2DEA00A9018A /* LoginViewController.swift */; };
		2062434026CD2DF900A9018A /* RegisterViewController.swift in Sources */ = {isa = PBXBuildFile; fileRef = 2062433F26CD2DF900A9018A /* RegisterViewController.swift */; };
		2062434A26CD2E8C00A9018A /* MainView.swift in Sources */ = {isa = PBXBuildFile; fileRef = 2062434926CD2E8C00A9018A /* MainView.swift */; };
		2062435426CD2EB500A9018A /* StatusView.swift in Sources */ = {isa = PBXBuildFile; fileRef = 2062435326CD2EB500A9018A /* StatusView.swift */; };
		2062435726CD2EC000A9018A /* IceView.swift in Sources */ = {isa = PBXBuildFile; fileRef = 2062435626CD2EC000A9018A /* IceView.swift */; };
		2062435C26CD2EE600A9018A /* UIKit+Extension.swift in Sources */ = {isa = PBXBuildFile; fileRef = 2062435B26CD2EE600A9018A /* UIKit+Extension.swift */; };
		20966E7226ECF6AF00A109BD /* UserInfoRepository.swift in Sources */ = {isa = PBXBuildFile; fileRef = 20966E7126ECF6AF00A109BD /* UserInfoRepository.swift */; };
		20966E7426ECF6B700A109BD /* LoginUsecase.swift in Sources */ = {isa = PBXBuildFile; fileRef = 20966E7326ECF6B700A109BD /* LoginUsecase.swift */; };
		20966E7926EDB44800A109BD /* RegisterUsecase.swift in Sources */ = {isa = PBXBuildFile; fileRef = 20966E7826EDB44800A109BD /* RegisterUsecase.swift */; };
		20A5A75A26F88367008354A1 /* ConnectRefrigeratorViewModel.swift in Sources */ = {isa = PBXBuildFile; fileRef = 20A5A75926F88367008354A1 /* ConnectRefrigeratorViewModel.swift */; };
		20A5A75C26F89D1A008354A1 /* ConnectRefrigeratorUsercase.swift in Sources */ = {isa = PBXBuildFile; fileRef = 20A5A75B26F89D1A008354A1 /* ConnectRefrigeratorUsercase.swift */; };
		20A5A75E26F8D356008354A1 /* ConnectRefrigeratorByNFCInputViewController.swift in Sources */ = {isa = PBXBuildFile; fileRef = 20A5A75D26F8D356008354A1 /* ConnectRefrigeratorByNFCInputViewController.swift */; };
		20A5A76026F8D46A008354A1 /* ConnectRefrigeratorByNFCInputViewModel.swift in Sources */ = {isa = PBXBuildFile; fileRef = 20A5A75F26F8D46A008354A1 /* ConnectRefrigeratorByNFCInputViewModel.swift */; };
		20FD7ED026E20070005B8122 /* NFCUtility.swift in Sources */ = {isa = PBXBuildFile; fileRef = 20FD7ECF26E20070005B8122 /* NFCUtility.swift */; };
		23C7FC2E8D430D4AB1B0D073 /* Pods_SmartRefrigerator.framework in Frameworks */ = {isa = PBXBuildFile; fileRef = EB8CF1F1CE19EC438F39B09A /* Pods_SmartRefrigerator.framework */; };
		E57A51FB26E2117C007A6419 /* RegisterFoodView.swift in Sources */ = {isa = PBXBuildFile; fileRef = E57A51FA26E2117C007A6419 /* RegisterFoodView.swift */; };
/* End PBXBuildFile section */

/* Begin PBXFileReference section */
		2009CC2C27058EF500C22D72 /* TTSUtility.swift */ = {isa = PBXFileReference; lastKnownFileType = sourcecode.swift; path = TTSUtility.swift; sourceTree = "<group>"; };
		200EC95C26E11FCC00186F28 /* InputTextField.swift */ = {isa = PBXFileReference; lastKnownFileType = sourcecode.swift; path = InputTextField.swift; sourceTree = "<group>"; };
		200EC95F26E1253700186F28 /* ShadowingButton.swift */ = {isa = PBXFileReference; lastKnownFileType = sourcecode.swift; path = ShadowingButton.swift; sourceTree = "<group>"; };
		200EC96326E13E3A00186F28 /* ConnectRefrigeratorViewController.swift */ = {isa = PBXFileReference; lastKnownFileType = sourcecode.swift; path = ConnectRefrigeratorViewController.swift; sourceTree = "<group>"; };
		200EC96C26E1DA8600186F28 /* SmartRefrigerator.entitlements */ = {isa = PBXFileReference; lastKnownFileType = text.plist.entitlements; path = SmartRefrigerator.entitlements; sourceTree = "<group>"; };
		2047DDAA26D3EF9A00326003 /* Initial.storyboard */ = {isa = PBXFileReference; fileEncoding = 4; lastKnownFileType = file.storyboard; path = Initial.storyboard; sourceTree = "<group>"; };
		2047DDC226D3FF3100326003 /* LoginViewModel.swift */ = {isa = PBXFileReference; lastKnownFileType = sourcecode.swift; path = LoginViewModel.swift; sourceTree = "<group>"; };
		2047DDC526D4193200326003 /* CommonString.swift */ = {isa = PBXFileReference; lastKnownFileType = sourcecode.swift; path = CommonString.swift; sourceTree = "<group>"; };
		2047DDCC26D4D52D00326003 /* UserInfo.swift */ = {isa = PBXFileReference; lastKnownFileType = sourcecode.swift; path = UserInfo.swift; sourceTree = "<group>"; };
		2047DDCF26D4D60900326003 /* Shelf.swift */ = {isa = PBXFileReference; lastKnownFileType = sourcecode.swift; path = Shelf.swift; sourceTree = "<group>"; };
		2047DDD226D4D60F00326003 /* Food.swift */ = {isa = PBXFileReference; lastKnownFileType = sourcecode.swift; path = Food.swift; sourceTree = "<group>"; };
		2047DDD526D4D8EC00326003 /* AlamofireManager.swift */ = {isa = PBXFileReference; lastKnownFileType = sourcecode.swift; path = AlamofireManager.swift; sourceTree = "<group>"; };
		2047DDDA26D4D9B700326003 /* BaseInterceptor.swift */ = {isa = PBXFileReference; lastKnownFileType = sourcecode.swift; path = BaseInterceptor.swift; sourceTree = "<group>"; };
		2047DDE126D4DC8600326003 /* UserInfoRouter.swift */ = {isa = PBXFileReference; lastKnownFileType = sourcecode.swift; path = UserInfoRouter.swift; sourceTree = "<group>"; };
		2047DDE526D4E06E00326003 /* EventLogger.swift */ = {isa = PBXFileReference; lastKnownFileType = sourcecode.swift; path = EventLogger.swift; sourceTree = "<group>"; };
		2047DDF526D5363B00326003 /* RegisterViewModel.swift */ = {isa = PBXFileReference; lastKnownFileType = sourcecode.swift; path = RegisterViewModel.swift; sourceTree = "<group>"; };
		2047DE1826DE0FDD00326003 /* UIFont+Service.swift */ = {isa = PBXFileReference; lastKnownFileType = sourcecode.swift; path = "UIFont+Service.swift"; sourceTree = "<group>"; };
		2047DE1B26DE0FE500326003 /* UIColor+Service.swift */ = {isa = PBXFileReference; lastKnownFileType = sourcecode.swift; path = "UIColor+Service.swift"; sourceTree = "<group>"; };
		2047DE2626DE122F00326003 /* NotoSansCJKkr-Bold.otf */ = {isa = PBXFileReference; lastKnownFileType = file; path = "NotoSansCJKkr-Bold.otf"; sourceTree = "<group>"; };
		2047DE2D26DE12D400326003 /* NotoSansCJKkr-Regular.otf */ = {isa = PBXFileReference; lastKnownFileType = file; path = "NotoSansCJKkr-Regular.otf"; sourceTree = "<group>"; };
		2047DE2E26DE12D400326003 /* NotoSansCJKkr-Medium.otf */ = {isa = PBXFileReference; lastKnownFileType = file; path = "NotoSansCJKkr-Medium.otf"; sourceTree = "<group>"; };
		2047DE3326DE144C00326003 /* NanumSquareOTF-ExtraBold.otf */ = {isa = PBXFileReference; lastKnownFileType = file; path = "NanumSquareOTF-ExtraBold.otf"; sourceTree = "<group>"; };
		2062431F26CD2CFF00A9018A /* SmartRefrigerator.app */ = {isa = PBXFileReference; explicitFileType = wrapper.application; includeInIndex = 0; path = SmartRefrigerator.app; sourceTree = BUILT_PRODUCTS_DIR; };
		2062432226CD2CFF00A9018A /* AppDelegate.swift */ = {isa = PBXFileReference; lastKnownFileType = sourcecode.swift; path = AppDelegate.swift; sourceTree = "<group>"; };
		2062432426CD2CFF00A9018A /* SceneDelegate.swift */ = {isa = PBXFileReference; lastKnownFileType = sourcecode.swift; path = SceneDelegate.swift; sourceTree = "<group>"; };
		2062432626CD2CFF00A9018A /* InitialViewController.swift */ = {isa = PBXFileReference; lastKnownFileType = sourcecode.swift; path = InitialViewController.swift; sourceTree = "<group>"; };
		2062432B26CD2D0000A9018A /* Assets.xcassets */ = {isa = PBXFileReference; lastKnownFileType = folder.assetcatalog; path = Assets.xcassets; sourceTree = "<group>"; };
		2062432E26CD2D0000A9018A /* Base */ = {isa = PBXFileReference; lastKnownFileType = file.storyboard; name = Base; path = Base.lproj/LaunchScreen.storyboard; sourceTree = "<group>"; };
		2062433026CD2D0000A9018A /* Info.plist */ = {isa = PBXFileReference; lastKnownFileType = text.plist.xml; path = Info.plist; sourceTree = "<group>"; };
		2062433B26CD2DEA00A9018A /* LoginViewController.swift */ = {isa = PBXFileReference; lastKnownFileType = sourcecode.swift; path = LoginViewController.swift; sourceTree = "<group>"; };
		2062433F26CD2DF900A9018A /* RegisterViewController.swift */ = {isa = PBXFileReference; lastKnownFileType = sourcecode.swift; path = RegisterViewController.swift; sourceTree = "<group>"; };
		2062434926CD2E8C00A9018A /* MainView.swift */ = {isa = PBXFileReference; lastKnownFileType = sourcecode.swift; path = MainView.swift; sourceTree = "<group>"; };
		2062435326CD2EB500A9018A /* StatusView.swift */ = {isa = PBXFileReference; lastKnownFileType = sourcecode.swift; path = StatusView.swift; sourceTree = "<group>"; };
		2062435626CD2EC000A9018A /* IceView.swift */ = {isa = PBXFileReference; lastKnownFileType = sourcecode.swift; path = IceView.swift; sourceTree = "<group>"; };
		2062435B26CD2EE600A9018A /* UIKit+Extension.swift */ = {isa = PBXFileReference; lastKnownFileType = sourcecode.swift; path = "UIKit+Extension.swift"; sourceTree = "<group>"; };
		20966E7126ECF6AF00A109BD /* UserInfoRepository.swift */ = {isa = PBXFileReference; lastKnownFileType = sourcecode.swift; path = UserInfoRepository.swift; sourceTree = "<group>"; };
		20966E7326ECF6B700A109BD /* LoginUsecase.swift */ = {isa = PBXFileReference; lastKnownFileType = sourcecode.swift; path = LoginUsecase.swift; sourceTree = "<group>"; };
		20966E7826EDB44800A109BD /* RegisterUsecase.swift */ = {isa = PBXFileReference; lastKnownFileType = sourcecode.swift; path = RegisterUsecase.swift; sourceTree = "<group>"; };
		20A5A75926F88367008354A1 /* ConnectRefrigeratorViewModel.swift */ = {isa = PBXFileReference; lastKnownFileType = sourcecode.swift; path = ConnectRefrigeratorViewModel.swift; sourceTree = "<group>"; };
		20A5A75B26F89D1A008354A1 /* ConnectRefrigeratorUsercase.swift */ = {isa = PBXFileReference; lastKnownFileType = sourcecode.swift; path = ConnectRefrigeratorUsercase.swift; sourceTree = "<group>"; };
		20A5A75D26F8D356008354A1 /* ConnectRefrigeratorByNFCInputViewController.swift */ = {isa = PBXFileReference; lastKnownFileType = sourcecode.swift; path = ConnectRefrigeratorByNFCInputViewController.swift; sourceTree = "<group>"; };
		20A5A75F26F8D46A008354A1 /* ConnectRefrigeratorByNFCInputViewModel.swift */ = {isa = PBXFileReference; lastKnownFileType = sourcecode.swift; path = ConnectRefrigeratorByNFCInputViewModel.swift; sourceTree = "<group>"; };
		20FD7ECF26E20070005B8122 /* NFCUtility.swift */ = {isa = PBXFileReference; lastKnownFileType = sourcecode.swift; path = NFCUtility.swift; sourceTree = "<group>"; };
		54E29ABB2C357B27FADF4CAC /* Pods-SmartRefrigerator.release.xcconfig */ = {isa = PBXFileReference; includeInIndex = 1; lastKnownFileType = text.xcconfig; name = "Pods-SmartRefrigerator.release.xcconfig"; path = "Target Support Files/Pods-SmartRefrigerator/Pods-SmartRefrigerator.release.xcconfig"; sourceTree = "<group>"; };
		E57A51FA26E2117C007A6419 /* RegisterFoodView.swift */ = {isa = PBXFileReference; lastKnownFileType = sourcecode.swift; path = RegisterFoodView.swift; sourceTree = "<group>"; };
		EB8CF1F1CE19EC438F39B09A /* Pods_SmartRefrigerator.framework */ = {isa = PBXFileReference; explicitFileType = wrapper.framework; includeInIndex = 0; path = Pods_SmartRefrigerator.framework; sourceTree = BUILT_PRODUCTS_DIR; };
		EFEC73D11130E75BAAF3D395 /* Pods-SmartRefrigerator.debug.xcconfig */ = {isa = PBXFileReference; includeInIndex = 1; lastKnownFileType = text.xcconfig; name = "Pods-SmartRefrigerator.debug.xcconfig"; path = "Target Support Files/Pods-SmartRefrigerator/Pods-SmartRefrigerator.debug.xcconfig"; sourceTree = "<group>"; };
/* End PBXFileReference section */

/* Begin PBXFrameworksBuildPhase section */
		2062431C26CD2CFF00A9018A /* Frameworks */ = {
			isa = PBXFrameworksBuildPhase;
			buildActionMask = 2147483647;
			files = (
				23C7FC2E8D430D4AB1B0D073 /* Pods_SmartRefrigerator.framework in Frameworks */,
			);
			runOnlyForDeploymentPostprocessing = 0;
		};
/* End PBXFrameworksBuildPhase section */

/* Begin PBXGroup section */
		200EC95B26E11FB300186F28 /* View */ = {
			isa = PBXGroup;
			children = (
				200EC95C26E11FCC00186F28 /* InputTextField.swift */,
				200EC95F26E1253700186F28 /* ShadowingButton.swift */,
			);
			path = View;
			sourceTree = "<group>";
		};
		200EC96226E13E2800186F28 /* Connect */ = {
			isa = PBXGroup;
			children = (
				200EC96326E13E3A00186F28 /* ConnectRefrigeratorViewController.swift */,
				20A5A75926F88367008354A1 /* ConnectRefrigeratorViewModel.swift */,
				20A5A75B26F89D1A008354A1 /* ConnectRefrigeratorUsercase.swift */,
				20A5A75D26F8D356008354A1 /* ConnectRefrigeratorByNFCInputViewController.swift */,
				20A5A75F26F8D46A008354A1 /* ConnectRefrigeratorByNFCInputViewModel.swift */,
			);
			path = Connect;
			sourceTree = "<group>";
		};
		2047DDCA26D4D49F00326003 /* Common */ = {
			isa = PBXGroup;
			children = (
				2047DE1E26DE11AF00326003 /* Font */,
				2047DDD826D4D8F300326003 /* Service */,
				20FD7ECE26E20056005B8122 /* Utilites */,
				2047DDCB26D4D52600326003 /* Model */,
			);
			path = Common;
			sourceTree = "<group>";
		};
		2047DDCB26D4D52600326003 /* Model */ = {
			isa = PBXGroup;
			children = (
				2047DDC526D4193200326003 /* CommonString.swift */,
				2047DDCC26D4D52D00326003 /* UserInfo.swift */,
				2047DDCF26D4D60900326003 /* Shelf.swift */,
				2047DDD226D4D60F00326003 /* Food.swift */,
			);
			path = Model;
			sourceTree = "<group>";
		};
		2047DDD826D4D8F300326003 /* Service */ = {
			isa = PBXGroup;
			children = (
				2047DDD526D4D8EC00326003 /* AlamofireManager.swift */,
				2047DDDA26D4D9B700326003 /* BaseInterceptor.swift */,
				2047DDE526D4E06E00326003 /* EventLogger.swift */,
				2047DDE126D4DC8600326003 /* UserInfoRouter.swift */,
			);
			path = Service;
			sourceTree = "<group>";
		};
		2047DE1E26DE11AF00326003 /* Font */ = {
			isa = PBXGroup;
			children = (
				2047DE3326DE144C00326003 /* NanumSquareOTF-ExtraBold.otf */,
				2047DE2626DE122F00326003 /* NotoSansCJKkr-Bold.otf */,
				2047DE2E26DE12D400326003 /* NotoSansCJKkr-Medium.otf */,
				2047DE2D26DE12D400326003 /* NotoSansCJKkr-Regular.otf */,
			);
			path = Font;
			sourceTree = "<group>";
		};
		2062431626CD2CFF00A9018A = {
			isa = PBXGroup;
			children = (
				2062432126CD2CFF00A9018A /* SmartRefrigerator */,
				2062432026CD2CFF00A9018A /* Products */,
				DCB3A5629F490AD922FF917C /* Pods */,
				868EBAC805D07EE95A5D2623 /* Frameworks */,
			);
			sourceTree = "<group>";
		};
		2062432026CD2CFF00A9018A /* Products */ = {
			isa = PBXGroup;
			children = (
				2062431F26CD2CFF00A9018A /* SmartRefrigerator.app */,
			);
			name = Products;
			sourceTree = "<group>";
		};
		2062432126CD2CFF00A9018A /* SmartRefrigerator */ = {
			isa = PBXGroup;
			children = (
				200EC96C26E1DA8600186F28 /* SmartRefrigerator.entitlements */,
				2062433926CD2DC600A9018A /* InitialPage */,
				2062434326CD2E1600A9018A /* MainPage */,
				2062435A26CD2ED600A9018A /* Extension */,
				2047DDCA26D4D49F00326003 /* Common */,
				2062432226CD2CFF00A9018A /* AppDelegate.swift */,
				2062432426CD2CFF00A9018A /* SceneDelegate.swift */,
				2062432B26CD2D0000A9018A /* Assets.xcassets */,
				2062432D26CD2D0000A9018A /* LaunchScreen.storyboard */,
				2062433026CD2D0000A9018A /* Info.plist */,
			);
			path = SmartRefrigerator;
			sourceTree = "<group>";
		};
		2062433926CD2DC600A9018A /* InitialPage */ = {
			isa = PBXGroup;
			children = (
				2062433A26CD2DE000A9018A /* Login */,
				2062433E26CD2DF100A9018A /* Register */,
				200EC96226E13E2800186F28 /* Connect */,
				200EC95B26E11FB300186F28 /* View */,
				20966E7526EDA19200A109BD /* Repository */,
				2062432626CD2CFF00A9018A /* InitialViewController.swift */,
				2047DDAA26D3EF9A00326003 /* Initial.storyboard */,
			);
			path = InitialPage;
			sourceTree = "<group>";
		};
		2062433A26CD2DE000A9018A /* Login */ = {
			isa = PBXGroup;
			children = (
				2062433B26CD2DEA00A9018A /* LoginViewController.swift */,
				2047DDC226D3FF3100326003 /* LoginViewModel.swift */,
				20966E7326ECF6B700A109BD /* LoginUsecase.swift */,
			);
			path = Login;
			sourceTree = "<group>";
		};
		2062433E26CD2DF100A9018A /* Register */ = {
			isa = PBXGroup;
			children = (
				2062433F26CD2DF900A9018A /* RegisterViewController.swift */,
				2047DDF526D5363B00326003 /* RegisterViewModel.swift */,
				20966E7826EDB44800A109BD /* RegisterUsecase.swift */,
			);
			path = Register;
			sourceTree = "<group>";
		};
		2062434326CD2E1600A9018A /* MainPage */ = {
			isa = PBXGroup;
			children = (
				2062434826CD2E4C00A9018A /* Main */,
				2062434726CD2E4600A9018A /* RegisterFood */,
				2062434526CD2E3400A9018A /* CheckStatus */,
				2062434426CD2E2800A9018A /* CheckIce */,
			);
			path = MainPage;
			sourceTree = "<group>";
		};
		2062434426CD2E2800A9018A /* CheckIce */ = {
			isa = PBXGroup;
			children = (
				2062435626CD2EC000A9018A /* IceView.swift */,
			);
			path = CheckIce;
			sourceTree = "<group>";
		};
		2062434526CD2E3400A9018A /* CheckStatus */ = {
			isa = PBXGroup;
			children = (
				2062435326CD2EB500A9018A /* StatusView.swift */,
			);
			path = CheckStatus;
			sourceTree = "<group>";
		};
		2062434726CD2E4600A9018A /* RegisterFood */ = {
			isa = PBXGroup;
			children = (
				E57A51FA26E2117C007A6419 /* RegisterFoodView.swift */,
			);
			path = RegisterFood;
			sourceTree = "<group>";
		};
		2062434826CD2E4C00A9018A /* Main */ = {
			isa = PBXGroup;
			children = (
				2062434926CD2E8C00A9018A /* MainView.swift */,
			);
			path = Main;
			sourceTree = "<group>";
		};
		2062435A26CD2ED600A9018A /* Extension */ = {
			isa = PBXGroup;
			children = (
				2062435B26CD2EE600A9018A /* UIKit+Extension.swift */,
				2047DE1826DE0FDD00326003 /* UIFont+Service.swift */,
				2047DE1B26DE0FE500326003 /* UIColor+Service.swift */,
			);
			path = Extension;
			sourceTree = "<group>";
		};
		20966E7526EDA19200A109BD /* Repository */ = {
			isa = PBXGroup;
			children = (
				20966E7126ECF6AF00A109BD /* UserInfoRepository.swift */,
			);
			path = Repository;
			sourceTree = "<group>";
		};
		20FD7ECE26E20056005B8122 /* Utilites */ = {
			isa = PBXGroup;
			children = (
				20FD7ECF26E20070005B8122 /* NFCUtility.swift */,
				2009CC2C27058EF500C22D72 /* TTSUtility.swift */,
			);
			path = Utilites;
			sourceTree = "<group>";
		};
		868EBAC805D07EE95A5D2623 /* Frameworks */ = {
			isa = PBXGroup;
			children = (
				EB8CF1F1CE19EC438F39B09A /* Pods_SmartRefrigerator.framework */,
			);
			name = Frameworks;
			sourceTree = "<group>";
		};
		DCB3A5629F490AD922FF917C /* Pods */ = {
			isa = PBXGroup;
			children = (
				EFEC73D11130E75BAAF3D395 /* Pods-SmartRefrigerator.debug.xcconfig */,
				54E29ABB2C357B27FADF4CAC /* Pods-SmartRefrigerator.release.xcconfig */,
			);
			path = Pods;
			sourceTree = "<group>";
		};
/* End PBXGroup section */

/* Begin PBXNativeTarget section */
		2062431E26CD2CFF00A9018A /* SmartRefrigerator */ = {
			isa = PBXNativeTarget;
			buildConfigurationList = 2062433326CD2D0000A9018A /* Build configuration list for PBXNativeTarget "SmartRefrigerator" */;
			buildPhases = (
				6130D6A9FBAC7068F3DA718B /* [CP] Check Pods Manifest.lock */,
				2062431B26CD2CFF00A9018A /* Sources */,
				2062431C26CD2CFF00A9018A /* Frameworks */,
				2062431D26CD2CFF00A9018A /* Resources */,
				95A2F505FB3B8DCCF19F9CAD /* [CP] Embed Pods Frameworks */,
			);
			buildRules = (
			);
			dependencies = (
			);
			name = SmartRefrigerator;
			productName = SmartRefrigerator;
			productReference = 2062431F26CD2CFF00A9018A /* SmartRefrigerator.app */;
			productType = "com.apple.product-type.application";
		};
/* End PBXNativeTarget section */

/* Begin PBXProject section */
		2062431726CD2CFF00A9018A /* Project object */ = {
			isa = PBXProject;
			attributes = {
				LastSwiftUpdateCheck = 1240;
				LastUpgradeCheck = 1240;
				TargetAttributes = {
					2062431E26CD2CFF00A9018A = {
						CreatedOnToolsVersion = 12.4;
					};
				};
			};
			buildConfigurationList = 2062431A26CD2CFF00A9018A /* Build configuration list for PBXProject "SmartRefrigerator" */;
			compatibilityVersion = "Xcode 9.3";
			developmentRegion = en;
			hasScannedForEncodings = 0;
			knownRegions = (
				en,
				Base,
			);
			mainGroup = 2062431626CD2CFF00A9018A;
			productRefGroup = 2062432026CD2CFF00A9018A /* Products */;
			projectDirPath = "";
			projectRoot = "";
			targets = (
				2062431E26CD2CFF00A9018A /* SmartRefrigerator */,
			);
		};
/* End PBXProject section */

/* Begin PBXResourcesBuildPhase section */
		2062431D26CD2CFF00A9018A /* Resources */ = {
			isa = PBXResourcesBuildPhase;
			buildActionMask = 2147483647;
			files = (
				2047DDAB26D3EF9A00326003 /* Initial.storyboard in Resources */,
				2047DE3026DE12D500326003 /* NotoSansCJKkr-Medium.otf in Resources */,
				2047DE2F26DE12D500326003 /* NotoSansCJKkr-Regular.otf in Resources */,
				2047DE2726DE122F00326003 /* NotoSansCJKkr-Bold.otf in Resources */,
				2062432F26CD2D0000A9018A /* LaunchScreen.storyboard in Resources */,
				2062432C26CD2D0000A9018A /* Assets.xcassets in Resources */,
				2047DE3426DE144C00326003 /* NanumSquareOTF-ExtraBold.otf in Resources */,
			);
			runOnlyForDeploymentPostprocessing = 0;
		};
/* End PBXResourcesBuildPhase section */

/* Begin PBXShellScriptBuildPhase section */
		6130D6A9FBAC7068F3DA718B /* [CP] Check Pods Manifest.lock */ = {
			isa = PBXShellScriptBuildPhase;
			buildActionMask = 2147483647;
			files = (
			);
			inputFileListPaths = (
			);
			inputPaths = (
				"${PODS_PODFILE_DIR_PATH}/Podfile.lock",
				"${PODS_ROOT}/Manifest.lock",
			);
			name = "[CP] Check Pods Manifest.lock";
			outputFileListPaths = (
			);
			outputPaths = (
				"$(DERIVED_FILE_DIR)/Pods-SmartRefrigerator-checkManifestLockResult.txt",
			);
			runOnlyForDeploymentPostprocessing = 0;
			shellPath = /bin/sh;
			shellScript = "diff \"${PODS_PODFILE_DIR_PATH}/Podfile.lock\" \"${PODS_ROOT}/Manifest.lock\" > /dev/null\nif [ $? != 0 ] ; then\n    # print error to STDERR\n    echo \"error: The sandbox is not in sync with the Podfile.lock. Run 'pod install' or update your CocoaPods installation.\" >&2\n    exit 1\nfi\n# This output is used by Xcode 'outputs' to avoid re-running this script phase.\necho \"SUCCESS\" > \"${SCRIPT_OUTPUT_FILE_0}\"\n";
			showEnvVarsInLog = 0;
		};
		95A2F505FB3B8DCCF19F9CAD /* [CP] Embed Pods Frameworks */ = {
			isa = PBXShellScriptBuildPhase;
			buildActionMask = 2147483647;
			files = (
			);
			inputFileListPaths = (
				"${PODS_ROOT}/Target Support Files/Pods-SmartRefrigerator/Pods-SmartRefrigerator-frameworks-${CONFIGURATION}-input-files.xcfilelist",
			);
			name = "[CP] Embed Pods Frameworks";
			outputFileListPaths = (
				"${PODS_ROOT}/Target Support Files/Pods-SmartRefrigerator/Pods-SmartRefrigerator-frameworks-${CONFIGURATION}-output-files.xcfilelist",
			);
			runOnlyForDeploymentPostprocessing = 0;
			shellPath = /bin/sh;
			shellScript = "\"${PODS_ROOT}/Target Support Files/Pods-SmartRefrigerator/Pods-SmartRefrigerator-frameworks.sh\"\n";
			showEnvVarsInLog = 0;
		};
/* End PBXShellScriptBuildPhase section */

/* Begin PBXSourcesBuildPhase section */
		2062431B26CD2CFF00A9018A /* Sources */ = {
			isa = PBXSourcesBuildPhase;
			buildActionMask = 2147483647;
			files = (
				2062433C26CD2DEA00A9018A /* LoginViewController.swift in Sources */,
				2047DE1C26DE0FE500326003 /* UIColor+Service.swift in Sources */,
				20966E7426ECF6B700A109BD /* LoginUsecase.swift in Sources */,
				2062434A26CD2E8C00A9018A /* MainView.swift in Sources */,
				2047DDDB26D4D9B700326003 /* BaseInterceptor.swift in Sources */,
				2047DDC626D4193200326003 /* CommonString.swift in Sources */,
				200EC96026E1253700186F28 /* ShadowingButton.swift in Sources */,
				2062435726CD2EC000A9018A /* IceView.swift in Sources */,
				200EC96426E13E3A00186F28 /* ConnectRefrigeratorViewController.swift in Sources */,
				2047DE1926DE0FDD00326003 /* UIFont+Service.swift in Sources */,
				2062435426CD2EB500A9018A /* StatusView.swift in Sources */,
				2047DDE226D4DC8600326003 /* UserInfoRouter.swift in Sources */,
				2062434026CD2DF900A9018A /* RegisterViewController.swift in Sources */,
				2047DDD026D4D60900326003 /* Shelf.swift in Sources */,
				20A5A76026F8D46A008354A1 /* ConnectRefrigeratorByNFCInputViewModel.swift in Sources */,
				2062432726CD2CFF00A9018A /* InitialViewController.swift in Sources */,
				2062432326CD2CFF00A9018A /* AppDelegate.swift in Sources */,
				2047DDE626D4E06E00326003 /* EventLogger.swift in Sources */,
				2062435C26CD2EE600A9018A /* UIKit+Extension.swift in Sources */,
				20A5A75E26F8D356008354A1 /* ConnectRefrigeratorByNFCInputViewController.swift in Sources */,
				20A5A75C26F89D1A008354A1 /* ConnectRefrigeratorUsercase.swift in Sources */,
				20966E7226ECF6AF00A109BD /* UserInfoRepository.swift in Sources */,
				20A5A75A26F88367008354A1 /* ConnectRefrigeratorViewModel.swift in Sources */,
				200EC95D26E11FCC00186F28 /* InputTextField.swift in Sources */,
				2047DDC326D3FF3100326003 /* LoginViewModel.swift in Sources */,
				2062432526CD2CFF00A9018A /* SceneDelegate.swift in Sources */,
				2009CC2D27058EF500C22D72 /* TTSUtility.swift in Sources */,
				20966E7926EDB44800A109BD /* RegisterUsecase.swift in Sources */,
				2047DDF626D5363B00326003 /* RegisterViewModel.swift in Sources */,
				20FD7ED026E20070005B8122 /* NFCUtility.swift in Sources */,
				2047DDD326D4D60F00326003 /* Food.swift in Sources */,
				2047DDCD26D4D52D00326003 /* UserInfo.swift in Sources */,
				2047DDD626D4D8EC00326003 /* AlamofireManager.swift in Sources */,
				E57A51FB26E2117C007A6419 /* RegisterFoodView.swift in Sources */,
			);
			runOnlyForDeploymentPostprocessing = 0;
		};
/* End PBXSourcesBuildPhase section */

/* Begin PBXVariantGroup section */
		2062432D26CD2D0000A9018A /* LaunchScreen.storyboard */ = {
			isa = PBXVariantGroup;
			children = (
				2062432E26CD2D0000A9018A /* Base */,
			);
			name = LaunchScreen.storyboard;
			sourceTree = "<group>";
		};
/* End PBXVariantGroup section */

/* Begin XCBuildConfiguration section */
		2062433126CD2D0000A9018A /* Debug */ = {
			isa = XCBuildConfiguration;
			buildSettings = {
				ALWAYS_SEARCH_USER_PATHS = NO;
				CLANG_ANALYZER_NONNULL = YES;
				CLANG_ANALYZER_NUMBER_OBJECT_CONVERSION = YES_AGGRESSIVE;
				CLANG_CXX_LANGUAGE_STANDARD = "gnu++14";
				CLANG_CXX_LIBRARY = "libc++";
				CLANG_ENABLE_MODULES = YES;
				CLANG_ENABLE_OBJC_ARC = YES;
				CLANG_ENABLE_OBJC_WEAK = YES;
				CLANG_WARN_BLOCK_CAPTURE_AUTORELEASING = YES;
				CLANG_WARN_BOOL_CONVERSION = YES;
				CLANG_WARN_COMMA = YES;
				CLANG_WARN_CONSTANT_CONVERSION = YES;
				CLANG_WARN_DEPRECATED_OBJC_IMPLEMENTATIONS = YES;
				CLANG_WARN_DIRECT_OBJC_ISA_USAGE = YES_ERROR;
				CLANG_WARN_DOCUMENTATION_COMMENTS = YES;
				CLANG_WARN_EMPTY_BODY = YES;
				CLANG_WARN_ENUM_CONVERSION = YES;
				CLANG_WARN_INFINITE_RECURSION = YES;
				CLANG_WARN_INT_CONVERSION = YES;
				CLANG_WARN_NON_LITERAL_NULL_CONVERSION = YES;
				CLANG_WARN_OBJC_IMPLICIT_RETAIN_SELF = YES;
				CLANG_WARN_OBJC_LITERAL_CONVERSION = YES;
				CLANG_WARN_OBJC_ROOT_CLASS = YES_ERROR;
				CLANG_WARN_QUOTED_INCLUDE_IN_FRAMEWORK_HEADER = YES;
				CLANG_WARN_RANGE_LOOP_ANALYSIS = YES;
				CLANG_WARN_STRICT_PROTOTYPES = YES;
				CLANG_WARN_SUSPICIOUS_MOVE = YES;
				CLANG_WARN_UNGUARDED_AVAILABILITY = YES_AGGRESSIVE;
				CLANG_WARN_UNREACHABLE_CODE = YES;
				CLANG_WARN__DUPLICATE_METHOD_MATCH = YES;
				COPY_PHASE_STRIP = NO;
				DEBUG_INFORMATION_FORMAT = dwarf;
				ENABLE_STRICT_OBJC_MSGSEND = YES;
				ENABLE_TESTABILITY = YES;
				GCC_C_LANGUAGE_STANDARD = gnu11;
				GCC_DYNAMIC_NO_PIC = NO;
				GCC_NO_COMMON_BLOCKS = YES;
				GCC_OPTIMIZATION_LEVEL = 0;
				GCC_PREPROCESSOR_DEFINITIONS = (
					"DEBUG=1",
					"$(inherited)",
				);
				GCC_WARN_64_TO_32_BIT_CONVERSION = YES;
				GCC_WARN_ABOUT_RETURN_TYPE = YES_ERROR;
				GCC_WARN_UNDECLARED_SELECTOR = YES;
				GCC_WARN_UNINITIALIZED_AUTOS = YES_AGGRESSIVE;
				GCC_WARN_UNUSED_FUNCTION = YES;
				GCC_WARN_UNUSED_VARIABLE = YES;
				IPHONEOS_DEPLOYMENT_TARGET = 13.0;
				MTL_ENABLE_DEBUG_INFO = INCLUDE_SOURCE;
				MTL_FAST_MATH = YES;
				ONLY_ACTIVE_ARCH = YES;
				SDKROOT = iphoneos;
				SWIFT_ACTIVE_COMPILATION_CONDITIONS = DEBUG;
				SWIFT_OPTIMIZATION_LEVEL = "-Onone";
			};
			name = Debug;
		};
		2062433226CD2D0000A9018A /* Release */ = {
			isa = XCBuildConfiguration;
			buildSettings = {
				ALWAYS_SEARCH_USER_PATHS = NO;
				CLANG_ANALYZER_NONNULL = YES;
				CLANG_ANALYZER_NUMBER_OBJECT_CONVERSION = YES_AGGRESSIVE;
				CLANG_CXX_LANGUAGE_STANDARD = "gnu++14";
				CLANG_CXX_LIBRARY = "libc++";
				CLANG_ENABLE_MODULES = YES;
				CLANG_ENABLE_OBJC_ARC = YES;
				CLANG_ENABLE_OBJC_WEAK = YES;
				CLANG_WARN_BLOCK_CAPTURE_AUTORELEASING = YES;
				CLANG_WARN_BOOL_CONVERSION = YES;
				CLANG_WARN_COMMA = YES;
				CLANG_WARN_CONSTANT_CONVERSION = YES;
				CLANG_WARN_DEPRECATED_OBJC_IMPLEMENTATIONS = YES;
				CLANG_WARN_DIRECT_OBJC_ISA_USAGE = YES_ERROR;
				CLANG_WARN_DOCUMENTATION_COMMENTS = YES;
				CLANG_WARN_EMPTY_BODY = YES;
				CLANG_WARN_ENUM_CONVERSION = YES;
				CLANG_WARN_INFINITE_RECURSION = YES;
				CLANG_WARN_INT_CONVERSION = YES;
				CLANG_WARN_NON_LITERAL_NULL_CONVERSION = YES;
				CLANG_WARN_OBJC_IMPLICIT_RETAIN_SELF = YES;
				CLANG_WARN_OBJC_LITERAL_CONVERSION = YES;
				CLANG_WARN_OBJC_ROOT_CLASS = YES_ERROR;
				CLANG_WARN_QUOTED_INCLUDE_IN_FRAMEWORK_HEADER = YES;
				CLANG_WARN_RANGE_LOOP_ANALYSIS = YES;
				CLANG_WARN_STRICT_PROTOTYPES = YES;
				CLANG_WARN_SUSPICIOUS_MOVE = YES;
				CLANG_WARN_UNGUARDED_AVAILABILITY = YES_AGGRESSIVE;
				CLANG_WARN_UNREACHABLE_CODE = YES;
				CLANG_WARN__DUPLICATE_METHOD_MATCH = YES;
				COPY_PHASE_STRIP = NO;
				DEBUG_INFORMATION_FORMAT = "dwarf-with-dsym";
				ENABLE_NS_ASSERTIONS = NO;
				ENABLE_STRICT_OBJC_MSGSEND = YES;
				GCC_C_LANGUAGE_STANDARD = gnu11;
				GCC_NO_COMMON_BLOCKS = YES;
				GCC_WARN_64_TO_32_BIT_CONVERSION = YES;
				GCC_WARN_ABOUT_RETURN_TYPE = YES_ERROR;
				GCC_WARN_UNDECLARED_SELECTOR = YES;
				GCC_WARN_UNINITIALIZED_AUTOS = YES_AGGRESSIVE;
				GCC_WARN_UNUSED_FUNCTION = YES;
				GCC_WARN_UNUSED_VARIABLE = YES;
				IPHONEOS_DEPLOYMENT_TARGET = 13.0;
				MTL_ENABLE_DEBUG_INFO = NO;
				MTL_FAST_MATH = YES;
				SDKROOT = iphoneos;
				SWIFT_COMPILATION_MODE = wholemodule;
				SWIFT_OPTIMIZATION_LEVEL = "-O";
				VALIDATE_PRODUCT = YES;
			};
			name = Release;
		};
		2062433426CD2D0000A9018A /* Debug */ = {
			isa = XCBuildConfiguration;
			baseConfigurationReference = EFEC73D11130E75BAAF3D395 /* Pods-SmartRefrigerator.debug.xcconfig */;
			buildSettings = {
				ASSETCATALOG_COMPILER_APPICON_NAME = AppIcon;
				ASSETCATALOG_COMPILER_GLOBAL_ACCENT_COLOR_NAME = AccentColor;
				CODE_SIGN_ENTITLEMENTS = SmartRefrigerator/SmartRefrigerator.entitlements;
				CODE_SIGN_STYLE = Automatic;
				DEVELOPMENT_TEAM = X26CZ6CG2J;
				INFOPLIST_FILE = SmartRefrigerator/Info.plist;
				LD_RUNPATH_SEARCH_PATHS = (
					"$(inherited)",
					"@executable_path/Frameworks",
				);
				PRODUCT_BUNDLE_IDENTIFIER = "com.porbono-21PF025.SmartRefrigerator";
				PRODUCT_NAME = "$(TARGET_NAME)";
				SWIFT_VERSION = 5.0;
				TARGETED_DEVICE_FAMILY = "1,2";
			};
			name = Debug;
		};
		2062433526CD2D0000A9018A /* Release */ = {
			isa = XCBuildConfiguration;
			baseConfigurationReference = 54E29ABB2C357B27FADF4CAC /* Pods-SmartRefrigerator.release.xcconfig */;
			buildSettings = {
				ASSETCATALOG_COMPILER_APPICON_NAME = AppIcon;
				ASSETCATALOG_COMPILER_GLOBAL_ACCENT_COLOR_NAME = AccentColor;
				CODE_SIGN_ENTITLEMENTS = SmartRefrigerator/SmartRefrigerator.entitlements;
				CODE_SIGN_STYLE = Automatic;
				DEVELOPMENT_TEAM = X26CZ6CG2J;
				INFOPLIST_FILE = SmartRefrigerator/Info.plist;
				LD_RUNPATH_SEARCH_PATHS = (
					"$(inherited)",
					"@executable_path/Frameworks",
				);
				PRODUCT_BUNDLE_IDENTIFIER = "com.porbono-21PF025.SmartRefrigerator";
				PRODUCT_NAME = "$(TARGET_NAME)";
				SWIFT_VERSION = 5.0;
				TARGETED_DEVICE_FAMILY = "1,2";
			};
			name = Release;
		};
/* End XCBuildConfiguration section */

/* Begin XCConfigurationList section */
		2062431A26CD2CFF00A9018A /* Build configuration list for PBXProject "SmartRefrigerator" */ = {
			isa = XCConfigurationList;
			buildConfigurations = (
				2062433126CD2D0000A9018A /* Debug */,
				2062433226CD2D0000A9018A /* Release */,
			);
			defaultConfigurationIsVisible = 0;
			defaultConfigurationName = Release;
		};
		2062433326CD2D0000A9018A /* Build configuration list for PBXNativeTarget "SmartRefrigerator" */ = {
			isa = XCConfigurationList;
			buildConfigurations = (
				2062433426CD2D0000A9018A /* Debug */,
				2062433526CD2D0000A9018A /* Release */,
			);
			defaultConfigurationIsVisible = 0;
			defaultConfigurationName = Release;
		};
/* End XCConfigurationList section */
	};
	rootObject = 2062431726CD2CFF00A9018A /* Project object */;
}
